
Microsoft Visual Studio Solution File, Format Version 12.00
Project("{FAE04EC0-301F-11D3-BF4B-00C04F79EFBC}") = "PasswordManager.API", "PasswordManager.API\PasswordManager.API.csproj", "{16132B45-C7CC-436C-8761-11AA1E78265A}"
EndProject
Project("{2150E333-8FDC-42A3-9474-1A3956D46DE8}") = "Solution Items", "Solution Items", "{5519F5D9-1CAB-4C5D-A156-22A7F254065C}"
	ProjectSection(SolutionItems) = preProject
		docker-compose.yml = docker-compose.yml
	EndProjectSection
EndProject
Project("{FAE04EC0-301F-11D3-BF4B-00C04F79EFBC}") = "PasswordManager.Application", "PasswordManager.Application\PasswordManager.Application.csproj", "{D21772CB-53BD-4B64-9049-08904258F6D9}"
EndProject
Project("{FAE04EC0-301F-11D3-BF4B-00C04F79EFBC}") = "PasswordManager.Tests", "PasswordManager.Tests\PasswordManager.Tests.csproj", "{DB5B2C04-27E0-40D0-854D-0F1DD79652F1}"
EndProject
Global
	GlobalSection(SolutionConfigurationPlatforms) = preSolution
		Debug|Any CPU = Debug|Any CPU
		Release|Any CPU = Release|Any CPU
	EndGlobalSection
	GlobalSection(ProjectConfigurationPlatforms) = postSolution
		{16132B45-C7CC-436C-8761-11AA1E78265A}.Debug|Any CPU.ActiveCfg = Debug|Any CPU
		{16132B45-C7CC-436C-8761-11AA1E78265A}.Debug|Any CPU.Build.0 = Debug|Any CPU
		{16132B45-C7CC-436C-8761-11AA1E78265A}.Release|Any CPU.ActiveCfg = Release|Any CPU
		{16132B45-C7CC-436C-8761-11AA1E78265A}.Release|Any CPU.Build.0 = Release|Any CPU
		{D21772CB-53BD-4B64-9049-08904258F6D9}.Debug|Any CPU.ActiveCfg = Debug|Any CPU
		{D21772CB-53BD-4B64-9049-08904258F6D9}.Debug|Any CPU.Build.0 = Debug|Any CPU
		{D21772CB-53BD-4B64-9049-08904258F6D9}.Release|Any CPU.ActiveCfg = Release|Any CPU
		{D21772CB-53BD-4B64-9049-08904258F6D9}.Release|Any CPU.Build.0 = Release|Any CPU
		{DB5B2C04-27E0-40D0-854D-0F1DD79652F1}.Debug|Any CPU.ActiveCfg = Debug|Any CPU
		{DB5B2C04-27E0-40D0-854D-0F1DD79652F1}.Debug|Any CPU.Build.0 = Debug|Any CPU
		{DB5B2C04-27E0-40D0-854D-0F1DD79652F1}.Release|Any CPU.ActiveCfg = Release|Any CPU
		{DB5B2C04-27E0-40D0-854D-0F1DD79652F1}.Release|Any CPU.Build.0 = Release|Any CPU
	EndGlobalSection
EndGlobal
